
Microsoft Visual Studio Solution File, Format Version 12.00
# Visual Studio Version 17
VisualStudioVersion = 17.7.34202.233
MinimumVisualStudioVersion = 10.0.40219.1
Project("{FAE04EC0-301F-11D3-BF4B-00C04F79EFBC}") = "Controle de Estoque CSharp", "Controle de Estoque CSharp\Controle de Estoque CSharp.csproj", "{B40681B4-165F-40D0-A034-F44538BE0304}"
EndProject
Global
	GlobalSection(SolutionConfigurationPlatforms) = preSolution
		Debug|Any CPU = Debug|Any CPU
		Release|Any CPU = Release|Any CPU
	EndGlobalSection
	GlobalSection(ProjectConfigurationPlatforms) = postSolution
		{B40681B4-165F-40D0-A034-F44538BE0304}.Debug|Any CPU.ActiveCfg = Debug|Any CPU
		{B40681B4-165F-40D0-A034-F44538BE0304}.Debug|Any CPU.Build.0 = Debug|Any CPU
		{B40681B4-165F-40D0-A034-F44538BE0304}.Release|Any CPU.ActiveCfg = Release|Any CPU
		{B40681B4-165F-40D0-A034-F44538BE0304}.Release|Any CPU.Build.0 = Release|Any CPU
	EndGlobalSection
	GlobalSection(SolutionProperties) = preSolution
		HideSolutionNode = FALSE
	EndGlobalSection
	GlobalSection(ExtensibilityGlobals) = postSolution
		SolutionGuid = {C8727CE7-BF98-448C-9104-C5BAB4445AF2}
	EndGlobalSection
EndGlobal
